<Solution>
  <Project Path="../DonationWorker/KindRaise.DonationWorker.csproj" />
  <Project Path="../KindRaise.Api/KindRaise.Api.csproj" />
  <Project Path="../KindRaise.Application/KindRaise.Application.csproj" />
  <Project Path="../KindRaise.Contracts/KindRaise.Contracts.csproj" />
  <Project Path="../KindRaise.Domain/KindRaise.Domain.csproj" />
  <Project Path="../KindRaise.Infrastructure/KindRaise.Infrastructure.csproj" />
  <Project Path="../KindRaise.IntegrationTests/KindRaise.IntegrationTests.csproj" />
  <Project Path="../KindRaise.UnitTests/KindRaise.UnitTests.csproj" />
  <Project Path="../NotificationWorker/KindRaise.NotificationWorker.csproj" />
</Solution>
